// !$*UTF8*$!
{
	archiveVersion = 1;
	classes = {
	};
	objectVersion = 56;
	objects = {

/* Begin PBXBuildFile section */
		48C9991F29228D6400D2813D /* MainTabView.swift in Sources */ = {isa = PBXBuildFile; fileRef = 48C9991E29228D6400D2813D /* MainTabView.swift */; };
		48C9992229228D8100D2813D /* FeedView.swift in Sources */ = {isa = PBXBuildFile; fileRef = 48C9992129228D8100D2813D /* FeedView.swift */; };
		48C9992A2922900C00D2813D /* ExploreView.swift in Sources */ = {isa = PBXBuildFile; fileRef = 48C999292922900C00D2813D /* ExploreView.swift */; };
		48C9992F2922908400D2813D /* ProfileView.swift in Sources */ = {isa = PBXBuildFile; fileRef = 48C9992E2922908400D2813D /* ProfileView.swift */; };
		48C999342922915F00D2813D /* MessageView.swift in Sources */ = {isa = PBXBuildFile; fileRef = 48C999332922915F00D2813D /* MessageView.swift */; };
		48C99937292292AD00D2813D /* Constant.swift in Sources */ = {isa = PBXBuildFile; fileRef = 48C99936292292AD00D2813D /* Constant.swift */; };
		48FC0F31291FF389006AA751 /* AnimalWorldApp.swift in Sources */ = {isa = PBXBuildFile; fileRef = 48FC0F30291FF389006AA751 /* AnimalWorldApp.swift */; };
		48FC0F33291FF389006AA751 /* ContentView.swift in Sources */ = {isa = PBXBuildFile; fileRef = 48FC0F32291FF389006AA751 /* ContentView.swift */; };
		48FC0F35291FF38B006AA751 /* Assets.xcassets in Resources */ = {isa = PBXBuildFile; fileRef = 48FC0F34291FF38B006AA751 /* Assets.xcassets */; };
		48FC0F38291FF38B006AA751 /* Preview Assets.xcassets in Resources */ = {isa = PBXBuildFile; fileRef = 48FC0F37291FF38B006AA751 /* Preview Assets.xcassets */; };
/* End PBXBuildFile section */

/* Begin PBXFileReference section */
		48C9991E29228D6400D2813D /* MainTabView.swift */ = {isa = PBXFileReference; lastKnownFileType = sourcecode.swift; path = MainTabView.swift; sourceTree = "<group>"; };
		48C9992129228D8100D2813D /* FeedView.swift */ = {isa = PBXFileReference; lastKnownFileType = sourcecode.swift; path = FeedView.swift; sourceTree = "<group>"; };
		48C999292922900C00D2813D /* ExploreView.swift */ = {isa = PBXFileReference; lastKnownFileType = sourcecode.swift; path = ExploreView.swift; sourceTree = "<group>"; };
		48C9992E2922908400D2813D /* ProfileView.swift */ = {isa = PBXFileReference; lastKnownFileType = sourcecode.swift; path = ProfileView.swift; sourceTree = "<group>"; };
		48C999332922915F00D2813D /* MessageView.swift */ = {isa = PBXFileReference; lastKnownFileType = sourcecode.swift; path = MessageView.swift; sourceTree = "<group>"; };
		48C99936292292AD00D2813D /* Constant.swift */ = {isa = PBXFileReference; lastKnownFileType = sourcecode.swift; path = Constant.swift; sourceTree = "<group>"; };
		48FC0F2D291FF389006AA751 /* AnimalWorld.app */ = {isa = PBXFileReference; explicitFileType = wrapper.application; includeInIndex = 0; path = AnimalWorld.app; sourceTree = BUILT_PRODUCTS_DIR; };
		48FC0F30291FF389006AA751 /* AnimalWorldApp.swift */ = {isa = PBXFileReference; lastKnownFileType = sourcecode.swift; path = AnimalWorldApp.swift; sourceTree = "<group>"; };
		48FC0F32291FF389006AA751 /* ContentView.swift */ = {isa = PBXFileReference; lastKnownFileType = sourcecode.swift; path = ContentView.swift; sourceTree = "<group>"; };
		48FC0F34291FF38B006AA751 /* Assets.xcassets */ = {isa = PBXFileReference; lastKnownFileType = folder.assetcatalog; path = Assets.xcassets; sourceTree = "<group>"; };
		48FC0F37291FF38B006AA751 /* Preview Assets.xcassets */ = {isa = PBXFileReference; lastKnownFileType = folder.assetcatalog; path = "Preview Assets.xcassets"; sourceTree = "<group>"; };
/* End PBXFileReference section */

/* Begin PBXFrameworksBuildPhase section */
		48FC0F2A291FF389006AA751 /* Frameworks */ = {
			isa = PBXFrameworksBuildPhase;
			buildActionMask = 2147483647;
			files = (
			);
			runOnlyForDeploymentPostprocessing = 0;
		};
/* End PBXFrameworksBuildPhase section */

/* Begin PBXGroup section */
		48C99918292288BD00D2813D /* MainTab */ = {
			isa = PBXGroup;
			children = (
				48C9991E29228D6400D2813D /* MainTabView.swift */,
			);
			path = MainTab;
			sourceTree = "<group>";
		};
		48C9991A292288D500D2813D /* Core */ = {
			isa = PBXGroup;
			children = (
				48C99930292290E600D2813D /* Messages */,
				48C9992B2922904800D2813D /* Profile */,
				48C9992329228F9200D2813D /* Explore */,
				48C9992029228D6F00D2813D /* Feed */,
				48C99918292288BD00D2813D /* MainTab */,
			);
			path = Core;
			sourceTree = "<group>";
		};
		48C9992029228D6F00D2813D /* Feed */ = {
			isa = PBXGroup;
			children = (
				48C9992829228FDC00D2813D /* Views */,
				48C9992629228FC200D2813D /* VIewModels */,
			);
			path = Feed;
			sourceTree = "<group>";
		};
		48C9992329228F9200D2813D /* Explore */ = {
			isa = PBXGroup;
			children = (
				48C9992429228FAC00D2813D /* ViewModels */,
				48C9992529228FB700D2813D /* Views */,
			);
			path = Explore;
			sourceTree = "<group>";
		};
		48C9992429228FAC00D2813D /* ViewModels */ = {
			isa = PBXGroup;
			children = (
			);
			path = ViewModels;
			sourceTree = "<group>";
		};
		48C9992529228FB700D2813D /* Views */ = {
			isa = PBXGroup;
			children = (
				48C999292922900C00D2813D /* ExploreView.swift */,
			);
			path = Views;
			sourceTree = "<group>";
		};
		48C9992629228FC200D2813D /* VIewModels */ = {
			isa = PBXGroup;
			children = (
			);
			path = VIewModels;
			sourceTree = "<group>";
		};
		48C9992829228FDC00D2813D /* Views */ = {
			isa = PBXGroup;
			children = (
				48C9992129228D8100D2813D /* FeedView.swift */,
			);
			path = Views;
			sourceTree = "<group>";
		};
		48C9992B2922904800D2813D /* Profile */ = {
			isa = PBXGroup;
			children = (
				48C9992C2922905400D2813D /* ViewsModels */,
				48C9992D2922905C00D2813D /* Views */,
			);
			path = Profile;
			sourceTree = "<group>";
		};
		48C9992C2922905400D2813D /* ViewsModels */ = {
			isa = PBXGroup;
			children = (
			);
			path = ViewsModels;
			sourceTree = "<group>";
		};
		48C9992D2922905C00D2813D /* Views */ = {
			isa = PBXGroup;
			children = (
				48C9992E2922908400D2813D /* ProfileView.swift */,
			);
			path = Views;
			sourceTree = "<group>";
		};
		48C99930292290E600D2813D /* Messages */ = {
			isa = PBXGroup;
			children = (
				48C99931292290F000D2813D /* ViewModels */,
				48C99932292290F900D2813D /* Views */,
			);
			path = Messages;
			sourceTree = "<group>";
		};
		48C99931292290F000D2813D /* ViewModels */ = {
			isa = PBXGroup;
			children = (
			);
			path = ViewModels;
			sourceTree = "<group>";
		};
		48C99932292290F900D2813D /* Views */ = {
			isa = PBXGroup;
			children = (
				48C999332922915F00D2813D /* MessageView.swift */,
			);
			path = Views;
			sourceTree = "<group>";
		};
		48C999352922929400D2813D /* Constant */ = {
			isa = PBXGroup;
			children = (
				48C99936292292AD00D2813D /* Constant.swift */,
			);
			path = Constant;
			sourceTree = "<group>";
		};
		48FC0F24291FF389006AA751 = {
			isa = PBXGroup;
			children = (
				48FC0F2F291FF389006AA751 /* AnimalWorld */,
				48FC0F2E291FF389006AA751 /* Products */,
			);
			sourceTree = "<group>";
		};
		48FC0F2E291FF389006AA751 /* Products */ = {
			isa = PBXGroup;
			children = (
				48FC0F2D291FF389006AA751 /* AnimalWorld.app */,
			);
			name = Products;
			sourceTree = "<group>";
		};
		48FC0F2F291FF389006AA751 /* AnimalWorld */ = {
			isa = PBXGroup;
			children = (
				48C999352922929400D2813D /* Constant */,
				48C9991A292288D500D2813D /* Core */,
				48FC0F30291FF389006AA751 /* AnimalWorldApp.swift */,
				48FC0F32291FF389006AA751 /* ContentView.swift */,
				48FC0F34291FF38B006AA751 /* Assets.xcassets */,
				48FC0F36291FF38B006AA751 /* Preview Content */,
			);
			path = AnimalWorld;
			sourceTree = "<group>";
		};
		48FC0F36291FF38B006AA751 /* Preview Content */ = {
			isa = PBXGroup;
			children = (
				48FC0F37291FF38B006AA751 /* Preview Assets.xcassets */,
			);
			path = "Preview Content";
			sourceTree = "<group>";
		};
/* End PBXGroup section */

/* Begin PBXNativeTarget section */
		48FC0F2C291FF389006AA751 /* AnimalWorld */ = {
			isa = PBXNativeTarget;
			buildConfigurationList = 48FC0F3B291FF38B006AA751 /* Build configuration list for PBXNativeTarget "AnimalWorld" */;
			buildPhases = (
				48FC0F29291FF389006AA751 /* Sources */,
				48FC0F2A291FF389006AA751 /* Frameworks */,
				48FC0F2B291FF389006AA751 /* Resources */,
			);
			buildRules = (
			);
			dependencies = (
			);
			name = AnimalWorld;
			productName = AnimalWorld;
			productReference = 48FC0F2D291FF389006AA751 /* AnimalWorld.app */;
			productType = "com.apple.product-type.application";
		};
/* End PBXNativeTarget section */

/* Begin PBXProject section */
		48FC0F25291FF389006AA751 /* Project object */ = {
			isa = PBXProject;
			attributes = {
				BuildIndependentTargetsInParallel = 1;
				LastSwiftUpdateCheck = 1410;
				LastUpgradeCheck = 1410;
				TargetAttributes = {
					48FC0F2C291FF389006AA751 = {
						CreatedOnToolsVersion = 14.1;
					};
				};
			};
			buildConfigurationList = 48FC0F28291FF389006AA751 /* Build configuration list for PBXProject "AnimalWorld" */;
			compatibilityVersion = "Xcode 14.0";
			developmentRegion = en;
			hasScannedForEncodings = 0;
			knownRegions = (
				en,
				Base,
			);
			mainGroup = 48FC0F24291FF389006AA751;
			productRefGroup = 48FC0F2E291FF389006AA751 /* Products */;
			projectDirPath = "";
			projectRoot = "";
			targets = (
				48FC0F2C291FF389006AA751 /* AnimalWorld */,
			);
		};
/* End PBXProject section */

/* Begin PBXResourcesBuildPhase section */
		48FC0F2B291FF389006AA751 /* Resources */ = {
			isa = PBXResourcesBuildPhase;
			buildActionMask = 2147483647;
			files = (
				48FC0F38291FF38B006AA751 /* Preview Assets.xcassets in Resources */,
				48FC0F35291FF38B006AA751 /* Assets.xcassets in Resources */,
			);
			runOnlyForDeploymentPostprocessing = 0;
		};
/* End PBXResourcesBuildPhase section */

/* Begin PBXSourcesBuildPhase section */
		48FC0F29291FF389006AA751 /* Sources */ = {
			isa = PBXSourcesBuildPhase;
			buildActionMask = 2147483647;
			files = (
				48C9992229228D8100D2813D /* FeedView.swift in Sources */,
				48C9992A2922900C00D2813D /* ExploreView.swift in Sources */,
				48FC0F33291FF389006AA751 /* ContentView.swift in Sources */,
				48C99937292292AD00D2813D /* Constant.swift in Sources */,
				48FC0F31291FF389006AA751 /* AnimalWorldApp.swift in Sources */,
				48C9992F2922908400D2813D /* ProfileView.swift in Sources */,
				48C999342922915F00D2813D /* MessageView.swift in Sources */,
				48C9991F29228D6400D2813D /* MainTabView.swift in Sources */,
			);
			runOnlyForDeploymentPostprocessing = 0;
		};
/* End PBXSourcesBuildPhase section */

/* Begin XCBuildConfiguration section */
		48FC0F39291FF38B006AA751 /* Debug */ = {
			isa = XCBuildConfiguration;
			buildSettings = {
				ALWAYS_SEARCH_USER_PATHS = NO;
				CLANG_ANALYZER_NONNULL = YES;
				CLANG_ANALYZER_NUMBER_OBJECT_CONVERSION = YES_AGGRESSIVE;
				CLANG_CXX_LANGUAGE_STANDARD = "gnu++20";
				CLANG_ENABLE_MODULES = YES;
				CLANG_ENABLE_OBJC_ARC = YES;
				CLANG_ENABLE_OBJC_WEAK = YES;
				CLANG_WARN_BLOCK_CAPTURE_AUTORELEASING = YES;
				CLANG_WARN_BOOL_CONVERSION = YES;
				CLANG_WARN_COMMA = YES;
				CLANG_WARN_CONSTANT_CONVERSION = YES;
				CLANG_WARN_DEPRECATED_OBJC_IMPLEMENTATIONS = YES;
				CLANG_WARN_DIRECT_OBJC_ISA_USAGE = YES_ERROR;
				CLANG_WARN_DOCUMENTATION_COMMENTS = YES;
				CLANG_WARN_EMPTY_BODY = YES;
				CLANG_WARN_ENUM_CONVERSION = YES;
				CLANG_WARN_INFINITE_RECURSION = YES;
				CLANG_WARN_INT_CONVERSION = YES;
				CLANG_WARN_NON_LITERAL_NULL_CONVERSION = YES;
				CLANG_WARN_OBJC_IMPLICIT_RETAIN_SELF = YES;
				CLANG_WARN_OBJC_LITERAL_CONVERSION = YES;
				CLANG_WARN_OBJC_ROOT_CLASS = YES_ERROR;
				CLANG_WARN_QUOTED_INCLUDE_IN_FRAMEWORK_HEADER = YES;
				CLANG_WARN_RANGE_LOOP_ANALYSIS = YES;
				CLANG_WARN_STRICT_PROTOTYPES = YES;
				CLANG_WARN_SUSPICIOUS_MOVE = YES;
				CLANG_WARN_UNGUARDED_AVAILABILITY = YES_AGGRESSIVE;
				CLANG_WARN_UNREACHABLE_CODE = YES;
				CLANG_WARN__DUPLICATE_METHOD_MATCH = YES;
				COPY_PHASE_STRIP = NO;
				DEBUG_INFORMATION_FORMAT = dwarf;
				ENABLE_STRICT_OBJC_MSGSEND = YES;
				ENABLE_TESTABILITY = YES;
				GCC_C_LANGUAGE_STANDARD = gnu11;
				GCC_DYNAMIC_NO_PIC = NO;
				GCC_NO_COMMON_BLOCKS = YES;
				GCC_OPTIMIZATION_LEVEL = 0;
				GCC_PREPROCESSOR_DEFINITIONS = (
					"DEBUG=1",
					"$(inherited)",
				);
				GCC_WARN_64_TO_32_BIT_CONVERSION = YES;
				GCC_WARN_ABOUT_RETURN_TYPE = YES_ERROR;
				GCC_WARN_UNDECLARED_SELECTOR = YES;
				GCC_WARN_UNINITIALIZED_AUTOS = YES_AGGRESSIVE;
				GCC_WARN_UNUSED_FUNCTION = YES;
				GCC_WARN_UNUSED_VARIABLE = YES;
				IPHONEOS_DEPLOYMENT_TARGET = 16.1;
				MTL_ENABLE_DEBUG_INFO = INCLUDE_SOURCE;
				MTL_FAST_MATH = YES;
				ONLY_ACTIVE_ARCH = YES;
				SDKROOT = iphoneos;
				SWIFT_ACTIVE_COMPILATION_CONDITIONS = DEBUG;
				SWIFT_OPTIMIZATION_LEVEL = "-Onone";
			};
			name = Debug;
		};
		48FC0F3A291FF38B006AA751 /* Release */ = {
			isa = XCBuildConfiguration;
			buildSettings = {
				ALWAYS_SEARCH_USER_PATHS = NO;
				CLANG_ANALYZER_NONNULL = YES;
				CLANG_ANALYZER_NUMBER_OBJECT_CONVERSION = YES_AGGRESSIVE;
				CLANG_CXX_LANGUAGE_STANDARD = "gnu++20";
				CLANG_ENABLE_MODULES = YES;
				CLANG_ENABLE_OBJC_ARC = YES;
				CLANG_ENABLE_OBJC_WEAK = YES;
				CLANG_WARN_BLOCK_CAPTURE_AUTORELEASING = YES;
				CLANG_WARN_BOOL_CONVERSION = YES;
				CLANG_WARN_COMMA = YES;
				CLANG_WARN_CONSTANT_CONVERSION = YES;
				CLANG_WARN_DEPRECATED_OBJC_IMPLEMENTATIONS = YES;
				CLANG_WARN_DIRECT_OBJC_ISA_USAGE = YES_ERROR;
				CLANG_WARN_DOCUMENTATION_COMMENTS = YES;
				CLANG_WARN_EMPTY_BODY = YES;
				CLANG_WARN_ENUM_CONVERSION = YES;
				CLANG_WARN_INFINITE_RECURSION = YES;
				CLANG_WARN_INT_CONVERSION = YES;
				CLANG_WARN_NON_LITERAL_NULL_CONVERSION = YES;
				CLANG_WARN_OBJC_IMPLICIT_RETAIN_SELF = YES;
				CLANG_WARN_OBJC_LITERAL_CONVERSION = YES;
				CLANG_WARN_OBJC_ROOT_CLASS = YES_ERROR;
				CLANG_WARN_QUOTED_INCLUDE_IN_FRAMEWORK_HEADER = YES;
				CLANG_WARN_RANGE_LOOP_ANALYSIS = YES;
				CLANG_WARN_STRICT_PROTOTYPES = YES;
				CLANG_WARN_SUSPICIOUS_MOVE = YES;
				CLANG_WARN_UNGUARDED_AVAILABILITY = YES_AGGRESSIVE;
				CLANG_WARN_UNREACHABLE_CODE = YES;
				CLANG_WARN__DUPLICATE_METHOD_MATCH = YES;
				COPY_PHASE_STRIP = NO;
				DEBUG_INFORMATION_FORMAT = "dwarf-with-dsym";
				ENABLE_NS_ASSERTIONS = NO;
				ENABLE_STRICT_OBJC_MSGSEND = YES;
				GCC_C_LANGUAGE_STANDARD = gnu11;
				GCC_NO_COMMON_BLOCKS = YES;
				GCC_WARN_64_TO_32_BIT_CONVERSION = YES;
				GCC_WARN_ABOUT_RETURN_TYPE = YES_ERROR;
				GCC_WARN_UNDECLARED_SELECTOR = YES;
				GCC_WARN_UNINITIALIZED_AUTOS = YES_AGGRESSIVE;
				GCC_WARN_UNUSED_FUNCTION = YES;
				GCC_WARN_UNUSED_VARIABLE = YES;
				IPHONEOS_DEPLOYMENT_TARGET = 16.1;
				MTL_ENABLE_DEBUG_INFO = NO;
				MTL_FAST_MATH = YES;
				SDKROOT = iphoneos;
				SWIFT_COMPILATION_MODE = wholemodule;
				SWIFT_OPTIMIZATION_LEVEL = "-O";
				VALIDATE_PRODUCT = YES;
			};
			name = Release;
		};
		48FC0F3C291FF38B006AA751 /* Debug */ = {
			isa = XCBuildConfiguration;
			buildSettings = {
				ASSETCATALOG_COMPILER_APPICON_NAME = AppIcon;
				ASSETCATALOG_COMPILER_GLOBAL_ACCENT_COLOR_NAME = AccentColor;
				CODE_SIGN_STYLE = Automatic;
				CURRENT_PROJECT_VERSION = 1;
				DEVELOPMENT_ASSET_PATHS = "\"AnimalWorld/Preview Content\"";
				DEVELOPMENT_TEAM = DLN427AJ4B;
				ENABLE_PREVIEWS = YES;
				GENERATE_INFOPLIST_FILE = YES;
				INFOPLIST_KEY_UIApplicationSceneManifest_Generation = YES;
				INFOPLIST_KEY_UIApplicationSupportsIndirectInputEvents = YES;
				INFOPLIST_KEY_UILaunchScreen_Generation = YES;
				INFOPLIST_KEY_UISupportedInterfaceOrientations_iPad = "UIInterfaceOrientationPortrait UIInterfaceOrientationPortraitUpsideDown UIInterfaceOrientationLandscapeLeft UIInterfaceOrientationLandscapeRight";
				INFOPLIST_KEY_UISupportedInterfaceOrientations_iPhone = "UIInterfaceOrientationPortrait UIInterfaceOrientationLandscapeLeft UIInterfaceOrientationLandscapeRight";
				LD_RUNPATH_SEARCH_PATHS = (
					"$(inherited)",
					"@executable_path/Frameworks",
				);
				MARKETING_VERSION = 1.0;
				PRODUCT_BUNDLE_IDENTIFIER = matomakeapp.AnimalWorld;
				PRODUCT_NAME = "$(TARGET_NAME)";
				SWIFT_EMIT_LOC_STRINGS = YES;
				SWIFT_VERSION = 5.0;
				TARGETED_DEVICE_FAMILY = "1,2";
			};
			name = Debug;
		};
		48FC0F3D291FF38B006AA751 /* Release */ = {
			isa = XCBuildConfiguration;
			buildSettings = {
				ASSETCATALOG_COMPILER_APPICON_NAME = AppIcon;
				ASSETCATALOG_COMPILER_GLOBAL_ACCENT_COLOR_NAME = AccentColor;
				CODE_SIGN_STYLE = Automatic;
				CURRENT_PROJECT_VERSION = 1;
				DEVELOPMENT_ASSET_PATHS = "\"AnimalWorld/Preview Content\"";
				DEVELOPMENT_TEAM = DLN427AJ4B;
				ENABLE_PREVIEWS = YES;
				GENERATE_INFOPLIST_FILE = YES;
				INFOPLIST_KEY_UIApplicationSceneManifest_Generation = YES;
				INFOPLIST_KEY_UIApplicationSupportsIndirectInputEvents = YES;
				INFOPLIST_KEY_UILaunchScreen_Generation = YES;
				INFOPLIST_KEY_UISupportedInterfaceOrientations_iPad = "UIInterfaceOrientationPortrait UIInterfaceOrientationPortraitUpsideDown UIInterfaceOrientationLandscapeLeft UIInterfaceOrientationLandscapeRight";
				INFOPLIST_KEY_UISupportedInterfaceOrientations_iPhone = "UIInterfaceOrientationPortrait UIInterfaceOrientationLandscapeLeft UIInterfaceOrientationLandscapeRight";
				LD_RUNPATH_SEARCH_PATHS = (
					"$(inherited)",
					"@executable_path/Frameworks",
				);
				MARKETING_VERSION = 1.0;
				PRODUCT_BUNDLE_IDENTIFIER = matomakeapp.AnimalWorld;
				PRODUCT_NAME = "$(TARGET_NAME)";
				SWIFT_EMIT_LOC_STRINGS = YES;
				SWIFT_VERSION = 5.0;
				TARGETED_DEVICE_FAMILY = "1,2";
			};
			name = Release;
		};
/* End XCBuildConfiguration section */

/* Begin XCConfigurationList section */
		48FC0F28291FF389006AA751 /* Build configuration list for PBXProject "AnimalWorld" */ = {
			isa = XCConfigurationList;
			buildConfigurations = (
				48FC0F39291FF38B006AA751 /* Debug */,
				48FC0F3A291FF38B006AA751 /* Release */,
			);
			defaultConfigurationIsVisible = 0;
			defaultConfigurationName = Release;
		};
		48FC0F3B291FF38B006AA751 /* Build configuration list for PBXNativeTarget "AnimalWorld" */ = {
			isa = XCConfigurationList;
			buildConfigurations = (
				48FC0F3C291FF38B006AA751 /* Debug */,
				48FC0F3D291FF38B006AA751 /* Release */,
			);
			defaultConfigurationIsVisible = 0;
			defaultConfigurationName = Release;
		};
/* End XCConfigurationList section */
	};
	rootObject = 48FC0F25291FF389006AA751 /* Project object */;
}
